
Microsoft Visual Studio Solution File, Format Version 12.00
# Visual Studio Version 16
VisualStudioVersion = 16.0.31402.337
MinimumVisualStudioVersion = 10.0.40219.1
Project("{9A19103F-16F7-4668-BE54-9A1E7A4F7556}") = "SimpleHTTPServer", "SimpleHTTPServer\SimpleHTTPServer.csproj", "{E5BEBD86-19D5-4352-81B1-129EE1C24EE7}"
EndProject
Project("{FAE04EC0-301F-11D3-BF4B-00C04F79EFBC}") = "SimpleHTTPServerExample", "SimpleHTTPServerExample\SimpleHTTPServerExample.csproj", "{7CD4A076-3C8F-448D-B208-7B7A78D07F39}"
EndProject
Global
	GlobalSection(SolutionConfigurationPlatforms) = preSolution
		Debug|Any CPU = Debug|Any CPU
		Release|Any CPU = Release|Any CPU
	EndGlobalSection
	GlobalSection(ProjectConfigurationPlatforms) = postSolution
		{E5BEBD86-19D5-4352-81B1-129EE1C24EE7}.Debug|Any CPU.ActiveCfg = Debug|Any CPU
		{E5BEBD86-19D5-4352-81B1-129EE1C24EE7}.Debug|Any CPU.Build.0 = Debug|Any CPU
		{E5BEBD86-19D5-4352-81B1-129EE1C24EE7}.Release|Any CPU.ActiveCfg = Release|Any CPU
		{E5BEBD86-19D5-4352-81B1-129EE1C24EE7}.Release|Any CPU.Build.0 = Release|Any CPU
		{7CD4A076-3C8F-448D-B208-7B7A78D07F39}.Debug|Any CPU.ActiveCfg = Debug|Any CPU
		{7CD4A076-3C8F-448D-B208-7B7A78D07F39}.Debug|Any CPU.Build.0 = Debug|Any CPU
		{7CD4A076-3C8F-448D-B208-7B7A78D07F39}.Release|Any CPU.ActiveCfg = Release|Any CPU
		{7CD4A076-3C8F-448D-B208-7B7A78D07F39}.Release|Any CPU.Build.0 = Release|Any CPU
	EndGlobalSection
	GlobalSection(SolutionProperties) = preSolution
		HideSolutionNode = FALSE
	EndGlobalSection
	GlobalSection(ExtensibilityGlobals) = postSolution
		SolutionGuid = {EA50C43E-B2BF-46C6-9AFD-2A4D04E4148C}
	EndGlobalSection
EndGlobal
